// !$*UTF8*$!
{
	archiveVersion = 1;
	classes = {
	};
	objectVersion = 56;
	objects = {

/* Begin PBXBuildFile section */
		B08BC1412B4F0D900094D669 /* AppDelegate.swift in Sources */ = {isa = PBXBuildFile; fileRef = B08BC1402B4F0D900094D669 /* AppDelegate.swift */; };
		B08BC1432B4F0D900094D669 /* SceneDelegate.swift in Sources */ = {isa = PBXBuildFile; fileRef = B08BC1422B4F0D900094D669 /* SceneDelegate.swift */; };
		B08BC1452B4F0D900094D669 /* ViewController.swift in Sources */ = {isa = PBXBuildFile; fileRef = B08BC1442B4F0D900094D669 /* ViewController.swift */; };
		B08BC1482B4F0D900094D669 /* Main.storyboard in Resources */ = {isa = PBXBuildFile; fileRef = B08BC1462B4F0D900094D669 /* Main.storyboard */; };
		B08BC14A2B4F0D910094D669 /* Assets.xcassets in Resources */ = {isa = PBXBuildFile; fileRef = B08BC1492B4F0D910094D669 /* Assets.xcassets */; };
		B08BC14D2B4F0D910094D669 /* LaunchScreen.storyboard in Resources */ = {isa = PBXBuildFile; fileRef = B08BC14B2B4F0D910094D669 /* LaunchScreen.storyboard */; };
		B08BC1552B4F10F10094D669 /* DetailViewController.swift in Sources */ = {isa = PBXBuildFile; fileRef = B08BC1542B4F10F10094D669 /* DetailViewController.swift */; };
		B08BC16F2B4F197F0094D669 /* spain@2x.png in Resources */ = {isa = PBXBuildFile; fileRef = B08BC1572B4F197F0094D669 /* spain@2x.png */; };
		B08BC1702B4F197F0094D669 /* nigeria@2x.png in Resources */ = {isa = PBXBuildFile; fileRef = B08BC1582B4F197F0094D669 /* nigeria@2x.png */; };
		B08BC1712B4F197F0094D669 /* nigeria@3x.png in Resources */ = {isa = PBXBuildFile; fileRef = B08BC1592B4F197F0094D669 /* nigeria@3x.png */; };
		B08BC1722B4F197F0094D669 /* spain@3x.png in Resources */ = {isa = PBXBuildFile; fileRef = B08BC15A2B4F197F0094D669 /* spain@3x.png */; };
		B08BC1732B4F197F0094D669 /* italy@3x.png in Resources */ = {isa = PBXBuildFile; fileRef = B08BC15B2B4F197F0094D669 /* italy@3x.png */; };
		B08BC1742B4F197F0094D669 /* ireland@2x.png in Resources */ = {isa = PBXBuildFile; fileRef = B08BC15C2B4F197F0094D669 /* ireland@2x.png */; };
		B08BC1752B4F197F0094D669 /* germany@3x.png in Resources */ = {isa = PBXBuildFile; fileRef = B08BC15D2B4F197F0094D669 /* germany@3x.png */; };
		B08BC1762B4F197F0094D669 /* germany@2x.png in Resources */ = {isa = PBXBuildFile; fileRef = B08BC15E2B4F197F0094D669 /* germany@2x.png */; };
		B08BC1772B4F197F0094D669 /* ireland@3x.png in Resources */ = {isa = PBXBuildFile; fileRef = B08BC15F2B4F197F0094D669 /* ireland@3x.png */; };
		B08BC1782B4F197F0094D669 /* italy@2x.png in Resources */ = {isa = PBXBuildFile; fileRef = B08BC1602B4F197F0094D669 /* italy@2x.png */; };
		B08BC1792B4F197F0094D669 /* poland@2x.png in Resources */ = {isa = PBXBuildFile; fileRef = B08BC1612B4F197F0094D669 /* poland@2x.png */; };
		B08BC17A2B4F197F0094D669 /* russia@2x.png in Resources */ = {isa = PBXBuildFile; fileRef = B08BC1622B4F197F0094D669 /* russia@2x.png */; };
		B08BC17B2B4F197F0094D669 /* estonia@2x.png in Resources */ = {isa = PBXBuildFile; fileRef = B08BC1632B4F197F0094D669 /* estonia@2x.png */; };
		B08BC17C2B4F197F0094D669 /* estonia@3x.png in Resources */ = {isa = PBXBuildFile; fileRef = B08BC1642B4F197F0094D669 /* estonia@3x.png */; };
		B08BC17D2B4F197F0094D669 /* russia@3x.png in Resources */ = {isa = PBXBuildFile; fileRef = B08BC1652B4F197F0094D669 /* russia@3x.png */; };
		B08BC17E2B4F197F0094D669 /* poland@3x.png in Resources */ = {isa = PBXBuildFile; fileRef = B08BC1662B4F197F0094D669 /* poland@3x.png */; };
		B08BC17F2B4F197F0094D669 /* uk@3x.png in Resources */ = {isa = PBXBuildFile; fileRef = B08BC1672B4F197F0094D669 /* uk@3x.png */; };
		B08BC1802B4F197F0094D669 /* us@3x.png in Resources */ = {isa = PBXBuildFile; fileRef = B08BC1682B4F197F0094D669 /* us@3x.png */; };
		B08BC1812B4F197F0094D669 /* france@3x.png in Resources */ = {isa = PBXBuildFile; fileRef = B08BC1692B4F197F0094D669 /* france@3x.png */; };
		B08BC1822B4F197F0094D669 /* monaco@2x.png in Resources */ = {isa = PBXBuildFile; fileRef = B08BC16A2B4F197F0094D669 /* monaco@2x.png */; };
		B08BC1832B4F197F0094D669 /* monaco@3x.png in Resources */ = {isa = PBXBuildFile; fileRef = B08BC16B2B4F197F0094D669 /* monaco@3x.png */; };
		B08BC1842B4F197F0094D669 /* france@2x.png in Resources */ = {isa = PBXBuildFile; fileRef = B08BC16C2B4F197F0094D669 /* france@2x.png */; };
		B08BC1852B4F19800094D669 /* us@2x.png in Resources */ = {isa = PBXBuildFile; fileRef = B08BC16D2B4F197F0094D669 /* us@2x.png */; };
		B08BC1862B4F19800094D669 /* uk@2x.png in Resources */ = {isa = PBXBuildFile; fileRef = B08BC16E2B4F197F0094D669 /* uk@2x.png */; };
/* End PBXBuildFile section */

/* Begin PBXFileReference section */
		B08BC13D2B4F0D900094D669 /* ChallengeDay23.app */ = {isa = PBXFileReference; explicitFileType = wrapper.application; includeInIndex = 0; path = ChallengeDay23.app; sourceTree = BUILT_PRODUCTS_DIR; };
		B08BC1402B4F0D900094D669 /* AppDelegate.swift */ = {isa = PBXFileReference; lastKnownFileType = sourcecode.swift; path = AppDelegate.swift; sourceTree = "<group>"; };
		B08BC1422B4F0D900094D669 /* SceneDelegate.swift */ = {isa = PBXFileReference; lastKnownFileType = sourcecode.swift; path = SceneDelegate.swift; sourceTree = "<group>"; };
		B08BC1442B4F0D900094D669 /* ViewController.swift */ = {isa = PBXFileReference; lastKnownFileType = sourcecode.swift; path = ViewController.swift; sourceTree = "<group>"; };
		B08BC1472B4F0D900094D669 /* Base */ = {isa = PBXFileReference; lastKnownFileType = file.storyboard; name = Base; path = Base.lproj/Main.storyboard; sourceTree = "<group>"; };
		B08BC1492B4F0D910094D669 /* Assets.xcassets */ = {isa = PBXFileReference; lastKnownFileType = folder.assetcatalog; path = Assets.xcassets; sourceTree = "<group>"; };
		B08BC14C2B4F0D910094D669 /* Base */ = {isa = PBXFileReference; lastKnownFileType = file.storyboard; name = Base; path = Base.lproj/LaunchScreen.storyboard; sourceTree = "<group>"; };
		B08BC14E2B4F0D910094D669 /* Info.plist */ = {isa = PBXFileReference; lastKnownFileType = text.plist.xml; path = Info.plist; sourceTree = "<group>"; };
		B08BC1542B4F10F10094D669 /* DetailViewController.swift */ = {isa = PBXFileReference; lastKnownFileType = sourcecode.swift; path = DetailViewController.swift; sourceTree = "<group>"; };
		B08BC1572B4F197F0094D669 /* spain@2x.png */ = {isa = PBXFileReference; lastKnownFileType = image.png; path = "spain@2x.png"; sourceTree = "<group>"; };
		B08BC1582B4F197F0094D669 /* nigeria@2x.png */ = {isa = PBXFileReference; lastKnownFileType = image.png; path = "nigeria@2x.png"; sourceTree = "<group>"; };
		B08BC1592B4F197F0094D669 /* nigeria@3x.png */ = {isa = PBXFileReference; lastKnownFileType = image.png; path = "nigeria@3x.png"; sourceTree = "<group>"; };
		B08BC15A2B4F197F0094D669 /* spain@3x.png */ = {isa = PBXFileReference; lastKnownFileType = image.png; path = "spain@3x.png"; sourceTree = "<group>"; };
		B08BC15B2B4F197F0094D669 /* italy@3x.png */ = {isa = PBXFileReference; lastKnownFileType = image.png; path = "italy@3x.png"; sourceTree = "<group>"; };
		B08BC15C2B4F197F0094D669 /* ireland@2x.png */ = {isa = PBXFileReference; lastKnownFileType = image.png; path = "ireland@2x.png"; sourceTree = "<group>"; };
		B08BC15D2B4F197F0094D669 /* germany@3x.png */ = {isa = PBXFileReference; lastKnownFileType = image.png; path = "germany@3x.png"; sourceTree = "<group>"; };
		B08BC15E2B4F197F0094D669 /* germany@2x.png */ = {isa = PBXFileReference; lastKnownFileType = image.png; path = "germany@2x.png"; sourceTree = "<group>"; };
		B08BC15F2B4F197F0094D669 /* ireland@3x.png */ = {isa = PBXFileReference; lastKnownFileType = image.png; path = "ireland@3x.png"; sourceTree = "<group>"; };
		B08BC1602B4F197F0094D669 /* italy@2x.png */ = {isa = PBXFileReference; lastKnownFileType = image.png; path = "italy@2x.png"; sourceTree = "<group>"; };
		B08BC1612B4F197F0094D669 /* poland@2x.png */ = {isa = PBXFileReference; lastKnownFileType = image.png; path = "poland@2x.png"; sourceTree = "<group>"; };
		B08BC1622B4F197F0094D669 /* russia@2x.png */ = {isa = PBXFileReference; lastKnownFileType = image.png; path = "russia@2x.png"; sourceTree = "<group>"; };
		B08BC1632B4F197F0094D669 /* estonia@2x.png */ = {isa = PBXFileReference; lastKnownFileType = image.png; path = "estonia@2x.png"; sourceTree = "<group>"; };
		B08BC1642B4F197F0094D669 /* estonia@3x.png */ = {isa = PBXFileReference; lastKnownFileType = image.png; path = "estonia@3x.png"; sourceTree = "<group>"; };
		B08BC1652B4F197F0094D669 /* russia@3x.png */ = {isa = PBXFileReference; lastKnownFileType = image.png; path = "russia@3x.png"; sourceTree = "<group>"; };
		B08BC1662B4F197F0094D669 /* poland@3x.png */ = {isa = PBXFileReference; lastKnownFileType = image.png; path = "poland@3x.png"; sourceTree = "<group>"; };
		B08BC1672B4F197F0094D669 /* uk@3x.png */ = {isa = PBXFileReference; lastKnownFileType = image.png; path = "uk@3x.png"; sourceTree = "<group>"; };
		B08BC1682B4F197F0094D669 /* us@3x.png */ = {isa = PBXFileReference; lastKnownFileType = image.png; path = "us@3x.png"; sourceTree = "<group>"; };
		B08BC1692B4F197F0094D669 /* france@3x.png */ = {isa = PBXFileReference; lastKnownFileType = image.png; path = "france@3x.png"; sourceTree = "<group>"; };
		B08BC16A2B4F197F0094D669 /* monaco@2x.png */ = {isa = PBXFileReference; lastKnownFileType = image.png; path = "monaco@2x.png"; sourceTree = "<group>"; };
		B08BC16B2B4F197F0094D669 /* monaco@3x.png */ = {isa = PBXFileReference; lastKnownFileType = image.png; path = "monaco@3x.png"; sourceTree = "<group>"; };
		B08BC16C2B4F197F0094D669 /* france@2x.png */ = {isa = PBXFileReference; lastKnownFileType = image.png; path = "france@2x.png"; sourceTree = "<group>"; };
		B08BC16D2B4F197F0094D669 /* us@2x.png */ = {isa = PBXFileReference; lastKnownFileType = image.png; path = "us@2x.png"; sourceTree = "<group>"; };
		B08BC16E2B4F197F0094D669 /* uk@2x.png */ = {isa = PBXFileReference; lastKnownFileType = image.png; path = "uk@2x.png"; sourceTree = "<group>"; };
/* End PBXFileReference section */

/* Begin PBXFrameworksBuildPhase section */
		B08BC13A2B4F0D900094D669 /* Frameworks */ = {
			isa = PBXFrameworksBuildPhase;
			buildActionMask = 2147483647;
			files = (
			);
			runOnlyForDeploymentPostprocessing = 0;
		};
/* End PBXFrameworksBuildPhase section */

/* Begin PBXGroup section */
		B08BC1342B4F0D900094D669 = {
			isa = PBXGroup;
			children = (
				B08BC13F2B4F0D900094D669 /* ChallengeDay23 */,
				B08BC13E2B4F0D900094D669 /* Products */,
			);
			sourceTree = "<group>";
		};
		B08BC13E2B4F0D900094D669 /* Products */ = {
			isa = PBXGroup;
			children = (
				B08BC13D2B4F0D900094D669 /* ChallengeDay23.app */,
			);
			name = Products;
			sourceTree = "<group>";
		};
		B08BC13F2B4F0D900094D669 /* ChallengeDay23 */ = {
			isa = PBXGroup;
			children = (
				B08BC1402B4F0D900094D669 /* AppDelegate.swift */,
				B08BC1422B4F0D900094D669 /* SceneDelegate.swift */,
				B08BC1442B4F0D900094D669 /* ViewController.swift */,
				B08BC1462B4F0D900094D669 /* Main.storyboard */,
				B08BC1492B4F0D910094D669 /* Assets.xcassets */,
				B08BC14B2B4F0D910094D669 /* LaunchScreen.storyboard */,
				B08BC14E2B4F0D910094D669 /* Info.plist */,
				B08BC1542B4F10F10094D669 /* DetailViewController.swift */,
				B08BC1562B4F197F0094D669 /* project2-files */,
			);
			path = ChallengeDay23;
			sourceTree = "<group>";
		};
		B08BC1562B4F197F0094D669 /* project2-files */ = {
			isa = PBXGroup;
			children = (
				B08BC1572B4F197F0094D669 /* spain@2x.png */,
				B08BC1582B4F197F0094D669 /* nigeria@2x.png */,
				B08BC1592B4F197F0094D669 /* nigeria@3x.png */,
				B08BC15A2B4F197F0094D669 /* spain@3x.png */,
				B08BC15B2B4F197F0094D669 /* italy@3x.png */,
				B08BC15C2B4F197F0094D669 /* ireland@2x.png */,
				B08BC15D2B4F197F0094D669 /* germany@3x.png */,
				B08BC15E2B4F197F0094D669 /* germany@2x.png */,
				B08BC15F2B4F197F0094D669 /* ireland@3x.png */,
				B08BC1602B4F197F0094D669 /* italy@2x.png */,
				B08BC1612B4F197F0094D669 /* poland@2x.png */,
				B08BC1622B4F197F0094D669 /* russia@2x.png */,
				B08BC1632B4F197F0094D669 /* estonia@2x.png */,
				B08BC1642B4F197F0094D669 /* estonia@3x.png */,
				B08BC1652B4F197F0094D669 /* russia@3x.png */,
				B08BC1662B4F197F0094D669 /* poland@3x.png */,
				B08BC1672B4F197F0094D669 /* uk@3x.png */,
				B08BC1682B4F197F0094D669 /* us@3x.png */,
				B08BC1692B4F197F0094D669 /* france@3x.png */,
				B08BC16A2B4F197F0094D669 /* monaco@2x.png */,
				B08BC16B2B4F197F0094D669 /* monaco@3x.png */,
				B08BC16C2B4F197F0094D669 /* france@2x.png */,
				B08BC16D2B4F197F0094D669 /* us@2x.png */,
				B08BC16E2B4F197F0094D669 /* uk@2x.png */,
			);
			path = "project2-files";
			sourceTree = "<group>";
		};
/* End PBXGroup section */

/* Begin PBXNativeTarget section */
		B08BC13C2B4F0D900094D669 /* ChallengeDay23 */ = {
			isa = PBXNativeTarget;
			buildConfigurationList = B08BC1512B4F0D910094D669 /* Build configuration list for PBXNativeTarget "ChallengeDay23" */;
			buildPhases = (
				B08BC1392B4F0D900094D669 /* Sources */,
				B08BC13A2B4F0D900094D669 /* Frameworks */,
				B08BC13B2B4F0D900094D669 /* Resources */,
			);
			buildRules = (
			);
			dependencies = (
			);
			name = ChallengeDay23;
			productName = ChallengeDay23;
			productReference = B08BC13D2B4F0D900094D669 /* ChallengeDay23.app */;
			productType = "com.apple.product-type.application";
		};
/* End PBXNativeTarget section */

/* Begin PBXProject section */
		B08BC1352B4F0D900094D669 /* Project object */ = {
			isa = PBXProject;
			attributes = {
				BuildIndependentTargetsInParallel = 1;
				LastSwiftUpdateCheck = 1430;
				LastUpgradeCheck = 1430;
				TargetAttributes = {
					B08BC13C2B4F0D900094D669 = {
						CreatedOnToolsVersion = 14.3.1;
					};
				};
			};
			buildConfigurationList = B08BC1382B4F0D900094D669 /* Build configuration list for PBXProject "ChallengeDay23" */;
			compatibilityVersion = "Xcode 14.0";
			developmentRegion = en;
			hasScannedForEncodings = 0;
			knownRegions = (
				en,
				Base,
			);
			mainGroup = B08BC1342B4F0D900094D669;
			productRefGroup = B08BC13E2B4F0D900094D669 /* Products */;
			projectDirPath = "";
			projectRoot = "";
			targets = (
				B08BC13C2B4F0D900094D669 /* ChallengeDay23 */,
			);
		};
/* End PBXProject section */

/* Begin PBXResourcesBuildPhase section */
		B08BC13B2B4F0D900094D669 /* Resources */ = {
			isa = PBXResourcesBuildPhase;
			buildActionMask = 2147483647;
			files = (
				B08BC1832B4F197F0094D669 /* monaco@3x.png in Resources */,
				B08BC1702B4F197F0094D669 /* nigeria@2x.png in Resources */,
				B08BC1852B4F19800094D669 /* us@2x.png in Resources */,
				B08BC1712B4F197F0094D669 /* nigeria@3x.png in Resources */,
				B08BC17E2B4F197F0094D669 /* poland@3x.png in Resources */,
				B08BC17F2B4F197F0094D669 /* uk@3x.png in Resources */,
				B08BC1842B4F197F0094D669 /* france@2x.png in Resources */,
				B08BC1782B4F197F0094D669 /* italy@2x.png in Resources */,
				B08BC16F2B4F197F0094D669 /* spain@2x.png in Resources */,
				B08BC1752B4F197F0094D669 /* germany@3x.png in Resources */,
				B08BC14D2B4F0D910094D669 /* LaunchScreen.storyboard in Resources */,
				B08BC1792B4F197F0094D669 /* poland@2x.png in Resources */,
				B08BC14A2B4F0D910094D669 /* Assets.xcassets in Resources */,
				B08BC1732B4F197F0094D669 /* italy@3x.png in Resources */,
				B08BC17C2B4F197F0094D669 /* estonia@3x.png in Resources */,
				B08BC1822B4F197F0094D669 /* monaco@2x.png in Resources */,
				B08BC1482B4F0D900094D669 /* Main.storyboard in Resources */,
				B08BC1742B4F197F0094D669 /* ireland@2x.png in Resources */,
				B08BC1762B4F197F0094D669 /* germany@2x.png in Resources */,
				B08BC1802B4F197F0094D669 /* us@3x.png in Resources */,
				B08BC1722B4F197F0094D669 /* spain@3x.png in Resources */,
				B08BC17A2B4F197F0094D669 /* russia@2x.png in Resources */,
				B08BC17B2B4F197F0094D669 /* estonia@2x.png in Resources */,
				B08BC17D2B4F197F0094D669 /* russia@3x.png in Resources */,
				B08BC1862B4F19800094D669 /* uk@2x.png in Resources */,
				B08BC1812B4F197F0094D669 /* france@3x.png in Resources */,
				B08BC1772B4F197F0094D669 /* ireland@3x.png in Resources */,
			);
			runOnlyForDeploymentPostprocessing = 0;
		};
/* End PBXResourcesBuildPhase section */

/* Begin PBXSourcesBuildPhase section */
		B08BC1392B4F0D900094D669 /* Sources */ = {
			isa = PBXSourcesBuildPhase;
			buildActionMask = 2147483647;
			files = (
				B08BC1452B4F0D900094D669 /* ViewController.swift in Sources */,
				B08BC1412B4F0D900094D669 /* AppDelegate.swift in Sources */,
				B08BC1432B4F0D900094D669 /* SceneDelegate.swift in Sources */,
				B08BC1552B4F10F10094D669 /* DetailViewController.swift in Sources */,
			);
			runOnlyForDeploymentPostprocessing = 0;
		};
/* End PBXSourcesBuildPhase section */

/* Begin PBXVariantGroup section */
		B08BC1462B4F0D900094D669 /* Main.storyboard */ = {
			isa = PBXVariantGroup;
			children = (
				B08BC1472B4F0D900094D669 /* Base */,
			);
			name = Main.storyboard;
			sourceTree = "<group>";
		};
		B08BC14B2B4F0D910094D669 /* LaunchScreen.storyboard */ = {
			isa = PBXVariantGroup;
			children = (
				B08BC14C2B4F0D910094D669 /* Base */,
			);
			name = LaunchScreen.storyboard;
			sourceTree = "<group>";
		};
/* End PBXVariantGroup section */

/* Begin XCBuildConfiguration section */
		B08BC14F2B4F0D910094D669 /* Debug */ = {
			isa = XCBuildConfiguration;
			buildSettings = {
				ALWAYS_SEARCH_USER_PATHS = NO;
				CLANG_ANALYZER_NONNULL = YES;
				CLANG_ANALYZER_NUMBER_OBJECT_CONVERSION = YES_AGGRESSIVE;
				CLANG_CXX_LANGUAGE_STANDARD = "gnu++20";
				CLANG_ENABLE_MODULES = YES;
				CLANG_ENABLE_OBJC_ARC = YES;
				CLANG_ENABLE_OBJC_WEAK = YES;
				CLANG_WARN_BLOCK_CAPTURE_AUTORELEASING = YES;
				CLANG_WARN_BOOL_CONVERSION = YES;
				CLANG_WARN_COMMA = YES;
				CLANG_WARN_CONSTANT_CONVERSION = YES;
				CLANG_WARN_DEPRECATED_OBJC_IMPLEMENTATIONS = YES;
				CLANG_WARN_DIRECT_OBJC_ISA_USAGE = YES_ERROR;
				CLANG_WARN_DOCUMENTATION_COMMENTS = YES;
				CLANG_WARN_EMPTY_BODY = YES;
				CLANG_WARN_ENUM_CONVERSION = YES;
				CLANG_WARN_INFINITE_RECURSION = YES;
				CLANG_WARN_INT_CONVERSION = YES;
				CLANG_WARN_NON_LITERAL_NULL_CONVERSION = YES;
				CLANG_WARN_OBJC_IMPLICIT_RETAIN_SELF = YES;
				CLANG_WARN_OBJC_LITERAL_CONVERSION = YES;
				CLANG_WARN_OBJC_ROOT_CLASS = YES_ERROR;
				CLANG_WARN_QUOTED_INCLUDE_IN_FRAMEWORK_HEADER = YES;
				CLANG_WARN_RANGE_LOOP_ANALYSIS = YES;
				CLANG_WARN_STRICT_PROTOTYPES = YES;
				CLANG_WARN_SUSPICIOUS_MOVE = YES;
				CLANG_WARN_UNGUARDED_AVAILABILITY = YES_AGGRESSIVE;
				CLANG_WARN_UNREACHABLE_CODE = YES;
				CLANG_WARN__DUPLICATE_METHOD_MATCH = YES;
				COPY_PHASE_STRIP = NO;
				DEBUG_INFORMATION_FORMAT = dwarf;
				ENABLE_STRICT_OBJC_MSGSEND = YES;
				ENABLE_TESTABILITY = YES;
				GCC_C_LANGUAGE_STANDARD = gnu11;
				GCC_DYNAMIC_NO_PIC = NO;
				GCC_NO_COMMON_BLOCKS = YES;
				GCC_OPTIMIZATION_LEVEL = 0;
				GCC_PREPROCESSOR_DEFINITIONS = (
					"DEBUG=1",
					"$(inherited)",
				);
				GCC_WARN_64_TO_32_BIT_CONVERSION = YES;
				GCC_WARN_ABOUT_RETURN_TYPE = YES_ERROR;
				GCC_WARN_UNDECLARED_SELECTOR = YES;
				GCC_WARN_UNINITIALIZED_AUTOS = YES_AGGRESSIVE;
				GCC_WARN_UNUSED_FUNCTION = YES;
				GCC_WARN_UNUSED_VARIABLE = YES;
				IPHONEOS_DEPLOYMENT_TARGET = 16.4;
				MTL_ENABLE_DEBUG_INFO = INCLUDE_SOURCE;
				MTL_FAST_MATH = YES;
				ONLY_ACTIVE_ARCH = YES;
				SDKROOT = iphoneos;
				SWIFT_ACTIVE_COMPILATION_CONDITIONS = DEBUG;
				SWIFT_OPTIMIZATION_LEVEL = "-Onone";
			};
			name = Debug;
		};
		B08BC1502B4F0D910094D669 /* Release */ = {
			isa = XCBuildConfiguration;
			buildSettings = {
				ALWAYS_SEARCH_USER_PATHS = NO;
				CLANG_ANALYZER_NONNULL = YES;
				CLANG_ANALYZER_NUMBER_OBJECT_CONVERSION = YES_AGGRESSIVE;
				CLANG_CXX_LANGUAGE_STANDARD = "gnu++20";
				CLANG_ENABLE_MODULES = YES;
				CLANG_ENABLE_OBJC_ARC = YES;
				CLANG_ENABLE_OBJC_WEAK = YES;
				CLANG_WARN_BLOCK_CAPTURE_AUTORELEASING = YES;
				CLANG_WARN_BOOL_CONVERSION = YES;
				CLANG_WARN_COMMA = YES;
				CLANG_WARN_CONSTANT_CONVERSION = YES;
				CLANG_WARN_DEPRECATED_OBJC_IMPLEMENTATIONS = YES;
				CLANG_WARN_DIRECT_OBJC_ISA_USAGE = YES_ERROR;
				CLANG_WARN_DOCUMENTATION_COMMENTS = YES;
				CLANG_WARN_EMPTY_BODY = YES;
				CLANG_WARN_ENUM_CONVERSION = YES;
				CLANG_WARN_INFINITE_RECURSION = YES;
				CLANG_WARN_INT_CONVERSION = YES;
				CLANG_WARN_NON_LITERAL_NULL_CONVERSION = YES;
				CLANG_WARN_OBJC_IMPLICIT_RETAIN_SELF = YES;
				CLANG_WARN_OBJC_LITERAL_CONVERSION = YES;
				CLANG_WARN_OBJC_ROOT_CLASS = YES_ERROR;
				CLANG_WARN_QUOTED_INCLUDE_IN_FRAMEWORK_HEADER = YES;
				CLANG_WARN_RANGE_LOOP_ANALYSIS = YES;
				CLANG_WARN_STRICT_PROTOTYPES = YES;
				CLANG_WARN_SUSPICIOUS_MOVE = YES;
				CLANG_WARN_UNGUARDED_AVAILABILITY = YES_AGGRESSIVE;
				CLANG_WARN_UNREACHABLE_CODE = YES;
				CLANG_WARN__DUPLICATE_METHOD_MATCH = YES;
				COPY_PHASE_STRIP = NO;
				DEBUG_INFORMATION_FORMAT = "dwarf-with-dsym";
				ENABLE_NS_ASSERTIONS = NO;
				ENABLE_STRICT_OBJC_MSGSEND = YES;
				GCC_C_LANGUAGE_STANDARD = gnu11;
				GCC_NO_COMMON_BLOCKS = YES;
				GCC_WARN_64_TO_32_BIT_CONVERSION = YES;
				GCC_WARN_ABOUT_RETURN_TYPE = YES_ERROR;
				GCC_WARN_UNDECLARED_SELECTOR = YES;
				GCC_WARN_UNINITIALIZED_AUTOS = YES_AGGRESSIVE;
				GCC_WARN_UNUSED_FUNCTION = YES;
				GCC_WARN_UNUSED_VARIABLE = YES;
				IPHONEOS_DEPLOYMENT_TARGET = 16.4;
				MTL_ENABLE_DEBUG_INFO = NO;
				MTL_FAST_MATH = YES;
				SDKROOT = iphoneos;
				SWIFT_COMPILATION_MODE = wholemodule;
				SWIFT_OPTIMIZATION_LEVEL = "-O";
				VALIDATE_PRODUCT = YES;
			};
			name = Release;
		};
		B08BC1522B4F0D910094D669 /* Debug */ = {
			isa = XCBuildConfiguration;
			buildSettings = {
				ASSETCATALOG_COMPILER_APPICON_NAME = AppIcon;
				ASSETCATALOG_COMPILER_GLOBAL_ACCENT_COLOR_NAME = AccentColor;
				CODE_SIGN_STYLE = Automatic;
				CURRENT_PROJECT_VERSION = 1;
				DEVELOPMENT_TEAM = F25H6PU2RR;
				GENERATE_INFOPLIST_FILE = YES;
				INFOPLIST_FILE = ChallengeDay23/Info.plist;
				INFOPLIST_KEY_UIApplicationSupportsIndirectInputEvents = YES;
				INFOPLIST_KEY_UILaunchStoryboardName = LaunchScreen;
				INFOPLIST_KEY_UIMainStoryboardFile = Main;
				INFOPLIST_KEY_UISupportedInterfaceOrientations_iPad = "UIInterfaceOrientationPortrait UIInterfaceOrientationPortraitUpsideDown UIInterfaceOrientationLandscapeLeft UIInterfaceOrientationLandscapeRight";
				INFOPLIST_KEY_UISupportedInterfaceOrientations_iPhone = "UIInterfaceOrientationPortrait UIInterfaceOrientationLandscapeLeft UIInterfaceOrientationLandscapeRight";
				LD_RUNPATH_SEARCH_PATHS = (
					"$(inherited)",
					"@executable_path/Frameworks",
				);
				MARKETING_VERSION = 1.0;
				PRODUCT_BUNDLE_IDENTIFIER = letdayy.ChallengeDay23;
				PRODUCT_NAME = "$(TARGET_NAME)";
				SWIFT_EMIT_LOC_STRINGS = YES;
				SWIFT_VERSION = 5.0;
				TARGETED_DEVICE_FAMILY = "1,2";
			};
			name = Debug;
		};
		B08BC1532B4F0D910094D669 /* Release */ = {
			isa = XCBuildConfiguration;
			buildSettings = {
				ASSETCATALOG_COMPILER_APPICON_NAME = AppIcon;
				ASSETCATALOG_COMPILER_GLOBAL_ACCENT_COLOR_NAME = AccentColor;
				CODE_SIGN_STYLE = Automatic;
				CURRENT_PROJECT_VERSION = 1;
				DEVELOPMENT_TEAM = F25H6PU2RR;
				GENERATE_INFOPLIST_FILE = YES;
				INFOPLIST_FILE = ChallengeDay23/Info.plist;
				INFOPLIST_KEY_UIApplicationSupportsIndirectInputEvents = YES;
				INFOPLIST_KEY_UILaunchStoryboardName = LaunchScreen;
				INFOPLIST_KEY_UIMainStoryboardFile = Main;
				INFOPLIST_KEY_UISupportedInterfaceOrientations_iPad = "UIInterfaceOrientationPortrait UIInterfaceOrientationPortraitUpsideDown UIInterfaceOrientationLandscapeLeft UIInterfaceOrientationLandscapeRight";
				INFOPLIST_KEY_UISupportedInterfaceOrientations_iPhone = "UIInterfaceOrientationPortrait UIInterfaceOrientationLandscapeLeft UIInterfaceOrientationLandscapeRight";
				LD_RUNPATH_SEARCH_PATHS = (
					"$(inherited)",
					"@executable_path/Frameworks",
				);
				MARKETING_VERSION = 1.0;
				PRODUCT_BUNDLE_IDENTIFIER = letdayy.ChallengeDay23;
				PRODUCT_NAME = "$(TARGET_NAME)";
				SWIFT_EMIT_LOC_STRINGS = YES;
				SWIFT_VERSION = 5.0;
				TARGETED_DEVICE_FAMILY = "1,2";
			};
			name = Release;
		};
/* End XCBuildConfiguration section */

/* Begin XCConfigurationList section */
		B08BC1382B4F0D900094D669 /* Build configuration list for PBXProject "ChallengeDay23" */ = {
			isa = XCConfigurationList;
			buildConfigurations = (
				B08BC14F2B4F0D910094D669 /* Debug */,
				B08BC1502B4F0D910094D669 /* Release */,
			);
			defaultConfigurationIsVisible = 0;
			defaultConfigurationName = Release;
		};
		B08BC1512B4F0D910094D669 /* Build configuration list for PBXNativeTarget "ChallengeDay23" */ = {
			isa = XCConfigurationList;
			buildConfigurations = (
				B08BC1522B4F0D910094D669 /* Debug */,
				B08BC1532B4F0D910094D669 /* Release */,
			);
			defaultConfigurationIsVisible = 0;
			defaultConfigurationName = Release;
		};
/* End XCConfigurationList section */
	};
	rootObject = B08BC1352B4F0D900094D669 /* Project object */;
}
