// !$*UTF8*$!
{
	archiveVersion = 1;
	classes = {
	};
	objectVersion = 56;
	objects = {

/* Begin PBXBuildFile section */
		B03D8BEB2B3D9AD0003B1317 /* AppDelegate.swift in Sources */ = {isa = PBXBuildFile; fileRef = B03D8BEA2B3D9AD0003B1317 /* AppDelegate.swift */; };
		B03D8BED2B3D9AD0003B1317 /* SceneDelegate.swift in Sources */ = {isa = PBXBuildFile; fileRef = B03D8BEC2B3D9AD0003B1317 /* SceneDelegate.swift */; };
		B03D8BEF2B3D9AD0003B1317 /* ViewController.swift in Sources */ = {isa = PBXBuildFile; fileRef = B03D8BEE2B3D9AD0003B1317 /* ViewController.swift */; };
		B03D8BF22B3D9AD0003B1317 /* Main.storyboard in Resources */ = {isa = PBXBuildFile; fileRef = B03D8BF02B3D9AD0003B1317 /* Main.storyboard */; };
		B03D8BF42B3D9AD1003B1317 /* Assets.xcassets in Resources */ = {isa = PBXBuildFile; fileRef = B03D8BF32B3D9AD1003B1317 /* Assets.xcassets */; };
		B03D8BF72B3D9AD1003B1317 /* LaunchScreen.storyboard in Resources */ = {isa = PBXBuildFile; fileRef = B03D8BF52B3D9AD1003B1317 /* LaunchScreen.storyboard */; };
		B03D8C092B3DB419003B1317 /* nssl0049.jpg in Resources */ = {isa = PBXBuildFile; fileRef = B03D8BFF2B3DB419003B1317 /* nssl0049.jpg */; };
		B03D8C0A2B3DB419003B1317 /* nssl0046.jpg in Resources */ = {isa = PBXBuildFile; fileRef = B03D8C002B3DB419003B1317 /* nssl0046.jpg */; };
		B03D8C0B2B3DB419003B1317 /* nssl0091.jpg in Resources */ = {isa = PBXBuildFile; fileRef = B03D8C012B3DB419003B1317 /* nssl0091.jpg */; };
		B03D8C0C2B3DB419003B1317 /* nssl0045.jpg in Resources */ = {isa = PBXBuildFile; fileRef = B03D8C022B3DB419003B1317 /* nssl0045.jpg */; };
		B03D8C0D2B3DB419003B1317 /* nssl0051.jpg in Resources */ = {isa = PBXBuildFile; fileRef = B03D8C032B3DB419003B1317 /* nssl0051.jpg */; };
		B03D8C0E2B3DB419003B1317 /* nssl0041.jpg in Resources */ = {isa = PBXBuildFile; fileRef = B03D8C042B3DB419003B1317 /* nssl0041.jpg */; };
		B03D8C0F2B3DB419003B1317 /* nssl0042.jpg in Resources */ = {isa = PBXBuildFile; fileRef = B03D8C052B3DB419003B1317 /* nssl0042.jpg */; };
		B03D8C102B3DB419003B1317 /* nssl0043.jpg in Resources */ = {isa = PBXBuildFile; fileRef = B03D8C062B3DB419003B1317 /* nssl0043.jpg */; };
		B03D8C112B3DB419003B1317 /* nssl0033.jpg in Resources */ = {isa = PBXBuildFile; fileRef = B03D8C072B3DB419003B1317 /* nssl0033.jpg */; };
		B03D8C122B3DB419003B1317 /* nssl0034.jpg in Resources */ = {isa = PBXBuildFile; fileRef = B03D8C082B3DB419003B1317 /* nssl0034.jpg */; };
		B07F6FA72B3F0324008812B2 /* DetailViewController.swift in Sources */ = {isa = PBXBuildFile; fileRef = B07F6FA62B3F0324008812B2 /* DetailViewController.swift */; };
/* End PBXBuildFile section */

/* Begin PBXFileReference section */
		B03D8BE72B3D9AD0003B1317 /* Project1.app */ = {isa = PBXFileReference; explicitFileType = wrapper.application; includeInIndex = 0; path = Project1.app; sourceTree = BUILT_PRODUCTS_DIR; };
		B03D8BEA2B3D9AD0003B1317 /* AppDelegate.swift */ = {isa = PBXFileReference; lastKnownFileType = sourcecode.swift; path = AppDelegate.swift; sourceTree = "<group>"; };
		B03D8BEC2B3D9AD0003B1317 /* SceneDelegate.swift */ = {isa = PBXFileReference; lastKnownFileType = sourcecode.swift; path = SceneDelegate.swift; sourceTree = "<group>"; };
		B03D8BEE2B3D9AD0003B1317 /* ViewController.swift */ = {isa = PBXFileReference; lastKnownFileType = sourcecode.swift; path = ViewController.swift; sourceTree = "<group>"; };
		B03D8BF12B3D9AD0003B1317 /* Base */ = {isa = PBXFileReference; lastKnownFileType = file.storyboard; name = Base; path = Base.lproj/Main.storyboard; sourceTree = "<group>"; };
		B03D8BF32B3D9AD1003B1317 /* Assets.xcassets */ = {isa = PBXFileReference; lastKnownFileType = folder.assetcatalog; path = Assets.xcassets; sourceTree = "<group>"; };
		B03D8BF62B3D9AD1003B1317 /* Base */ = {isa = PBXFileReference; lastKnownFileType = file.storyboard; name = Base; path = Base.lproj/LaunchScreen.storyboard; sourceTree = "<group>"; };
		B03D8BF82B3D9AD1003B1317 /* Info.plist */ = {isa = PBXFileReference; lastKnownFileType = text.plist.xml; path = Info.plist; sourceTree = "<group>"; };
		B03D8BFF2B3DB419003B1317 /* nssl0049.jpg */ = {isa = PBXFileReference; lastKnownFileType = image.jpeg; path = nssl0049.jpg; sourceTree = "<group>"; };
		B03D8C002B3DB419003B1317 /* nssl0046.jpg */ = {isa = PBXFileReference; lastKnownFileType = image.jpeg; path = nssl0046.jpg; sourceTree = "<group>"; };
		B03D8C012B3DB419003B1317 /* nssl0091.jpg */ = {isa = PBXFileReference; lastKnownFileType = image.jpeg; path = nssl0091.jpg; sourceTree = "<group>"; };
		B03D8C022B3DB419003B1317 /* nssl0045.jpg */ = {isa = PBXFileReference; lastKnownFileType = image.jpeg; path = nssl0045.jpg; sourceTree = "<group>"; };
		B03D8C032B3DB419003B1317 /* nssl0051.jpg */ = {isa = PBXFileReference; lastKnownFileType = image.jpeg; path = nssl0051.jpg; sourceTree = "<group>"; };
		B03D8C042B3DB419003B1317 /* nssl0041.jpg */ = {isa = PBXFileReference; lastKnownFileType = image.jpeg; path = nssl0041.jpg; sourceTree = "<group>"; };
		B03D8C052B3DB419003B1317 /* nssl0042.jpg */ = {isa = PBXFileReference; lastKnownFileType = image.jpeg; path = nssl0042.jpg; sourceTree = "<group>"; };
		B03D8C062B3DB419003B1317 /* nssl0043.jpg */ = {isa = PBXFileReference; lastKnownFileType = image.jpeg; path = nssl0043.jpg; sourceTree = "<group>"; };
		B03D8C072B3DB419003B1317 /* nssl0033.jpg */ = {isa = PBXFileReference; lastKnownFileType = image.jpeg; path = nssl0033.jpg; sourceTree = "<group>"; };
		B03D8C082B3DB419003B1317 /* nssl0034.jpg */ = {isa = PBXFileReference; lastKnownFileType = image.jpeg; path = nssl0034.jpg; sourceTree = "<group>"; };
		B07F6FA62B3F0324008812B2 /* DetailViewController.swift */ = {isa = PBXFileReference; lastKnownFileType = sourcecode.swift; path = DetailViewController.swift; sourceTree = "<group>"; };
/* End PBXFileReference section */

/* Begin PBXFrameworksBuildPhase section */
		B03D8BE42B3D9AD0003B1317 /* Frameworks */ = {
			isa = PBXFrameworksBuildPhase;
			buildActionMask = 2147483647;
			files = (
			);
			runOnlyForDeploymentPostprocessing = 0;
		};
/* End PBXFrameworksBuildPhase section */

/* Begin PBXGroup section */
		B03D8BDE2B3D9AD0003B1317 = {
			isa = PBXGroup;
			children = (
				B03D8BE92B3D9AD0003B1317 /* Project1 */,
				B03D8BE82B3D9AD0003B1317 /* Products */,
			);
			sourceTree = "<group>";
		};
		B03D8BE82B3D9AD0003B1317 /* Products */ = {
			isa = PBXGroup;
			children = (
				B03D8BE72B3D9AD0003B1317 /* Project1.app */,
			);
			name = Products;
			sourceTree = "<group>";
		};
		B03D8BE92B3D9AD0003B1317 /* Project1 */ = {
			isa = PBXGroup;
			children = (
				B03D8BEA2B3D9AD0003B1317 /* AppDelegate.swift */,
				B03D8BEC2B3D9AD0003B1317 /* SceneDelegate.swift */,
				B03D8BEE2B3D9AD0003B1317 /* ViewController.swift */,
				B07F6FA62B3F0324008812B2 /* DetailViewController.swift */,
				B03D8BF02B3D9AD0003B1317 /* Main.storyboard */,
				B03D8BF32B3D9AD1003B1317 /* Assets.xcassets */,
				B03D8BF52B3D9AD1003B1317 /* LaunchScreen.storyboard */,
				B03D8BF82B3D9AD1003B1317 /* Info.plist */,
				B03D8BFE2B3DB419003B1317 /* Content */,
			);
			path = Project1;
			sourceTree = "<group>";
		};
		B03D8BFE2B3DB419003B1317 /* Content */ = {
			isa = PBXGroup;
			children = (
				B03D8BFF2B3DB419003B1317 /* nssl0049.jpg */,
				B03D8C002B3DB419003B1317 /* nssl0046.jpg */,
				B03D8C012B3DB419003B1317 /* nssl0091.jpg */,
				B03D8C022B3DB419003B1317 /* nssl0045.jpg */,
				B03D8C032B3DB419003B1317 /* nssl0051.jpg */,
				B03D8C042B3DB419003B1317 /* nssl0041.jpg */,
				B03D8C052B3DB419003B1317 /* nssl0042.jpg */,
				B03D8C062B3DB419003B1317 /* nssl0043.jpg */,
				B03D8C072B3DB419003B1317 /* nssl0033.jpg */,
				B03D8C082B3DB419003B1317 /* nssl0034.jpg */,
			);
			path = Content;
			sourceTree = "<group>";
		};
/* End PBXGroup section */

/* Begin PBXNativeTarget section */
		B03D8BE62B3D9AD0003B1317 /* Project1 */ = {
			isa = PBXNativeTarget;
			buildConfigurationList = B03D8BFB2B3D9AD1003B1317 /* Build configuration list for PBXNativeTarget "Project1" */;
			buildPhases = (
				B03D8BE32B3D9AD0003B1317 /* Sources */,
				B03D8BE42B3D9AD0003B1317 /* Frameworks */,
				B03D8BE52B3D9AD0003B1317 /* Resources */,
			);
			buildRules = (
			);
			dependencies = (
			);
			name = Project1;
			productName = Project1;
			productReference = B03D8BE72B3D9AD0003B1317 /* Project1.app */;
			productType = "com.apple.product-type.application";
		};
/* End PBXNativeTarget section */

/* Begin PBXProject section */
		B03D8BDF2B3D9AD0003B1317 /* Project object */ = {
			isa = PBXProject;
			attributes = {
				BuildIndependentTargetsInParallel = 1;
				LastSwiftUpdateCheck = 1430;
				LastUpgradeCheck = 1430;
				TargetAttributes = {
					B03D8BE62B3D9AD0003B1317 = {
						CreatedOnToolsVersion = 14.3.1;
					};
				};
			};
			buildConfigurationList = B03D8BE22B3D9AD0003B1317 /* Build configuration list for PBXProject "Project1" */;
			compatibilityVersion = "Xcode 14.0";
			developmentRegion = en;
			hasScannedForEncodings = 0;
			knownRegions = (
				en,
				Base,
			);
			mainGroup = B03D8BDE2B3D9AD0003B1317;
			productRefGroup = B03D8BE82B3D9AD0003B1317 /* Products */;
			projectDirPath = "";
			projectRoot = "";
			targets = (
				B03D8BE62B3D9AD0003B1317 /* Project1 */,
			);
		};
/* End PBXProject section */

/* Begin PBXResourcesBuildPhase section */
		B03D8BE52B3D9AD0003B1317 /* Resources */ = {
			isa = PBXResourcesBuildPhase;
			buildActionMask = 2147483647;
			files = (
				B03D8C0A2B3DB419003B1317 /* nssl0046.jpg in Resources */,
				B03D8C112B3DB419003B1317 /* nssl0033.jpg in Resources */,
				B03D8C0D2B3DB419003B1317 /* nssl0051.jpg in Resources */,
				B03D8C0B2B3DB419003B1317 /* nssl0091.jpg in Resources */,
				B03D8C102B3DB419003B1317 /* nssl0043.jpg in Resources */,
				B03D8C122B3DB419003B1317 /* nssl0034.jpg in Resources */,
				B03D8C092B3DB419003B1317 /* nssl0049.jpg in Resources */,
				B03D8C0E2B3DB419003B1317 /* nssl0041.jpg in Resources */,
				B03D8C0F2B3DB419003B1317 /* nssl0042.jpg in Resources */,
				B03D8BF72B3D9AD1003B1317 /* LaunchScreen.storyboard in Resources */,
				B03D8BF42B3D9AD1003B1317 /* Assets.xcassets in Resources */,
				B03D8C0C2B3DB419003B1317 /* nssl0045.jpg in Resources */,
				B03D8BF22B3D9AD0003B1317 /* Main.storyboard in Resources */,
			);
			runOnlyForDeploymentPostprocessing = 0;
		};
/* End PBXResourcesBuildPhase section */

/* Begin PBXSourcesBuildPhase section */
		B03D8BE32B3D9AD0003B1317 /* Sources */ = {
			isa = PBXSourcesBuildPhase;
			buildActionMask = 2147483647;
			files = (
				B03D8BEF2B3D9AD0003B1317 /* ViewController.swift in Sources */,
				B03D8BEB2B3D9AD0003B1317 /* AppDelegate.swift in Sources */,
				B03D8BED2B3D9AD0003B1317 /* SceneDelegate.swift in Sources */,
				B07F6FA72B3F0324008812B2 /* DetailViewController.swift in Sources */,
			);
			runOnlyForDeploymentPostprocessing = 0;
		};
/* End PBXSourcesBuildPhase section */

/* Begin PBXVariantGroup section */
		B03D8BF02B3D9AD0003B1317 /* Main.storyboard */ = {
			isa = PBXVariantGroup;
			children = (
				B03D8BF12B3D9AD0003B1317 /* Base */,
			);
			name = Main.storyboard;
			sourceTree = "<group>";
		};
		B03D8BF52B3D9AD1003B1317 /* LaunchScreen.storyboard */ = {
			isa = PBXVariantGroup;
			children = (
				B03D8BF62B3D9AD1003B1317 /* Base */,
			);
			name = LaunchScreen.storyboard;
			sourceTree = "<group>";
		};
/* End PBXVariantGroup section */

/* Begin XCBuildConfiguration section */
		B03D8BF92B3D9AD1003B1317 /* Debug */ = {
			isa = XCBuildConfiguration;
			buildSettings = {
				ALWAYS_SEARCH_USER_PATHS = NO;
				CLANG_ANALYZER_NONNULL = YES;
				CLANG_ANALYZER_NUMBER_OBJECT_CONVERSION = YES_AGGRESSIVE;
				CLANG_CXX_LANGUAGE_STANDARD = "gnu++20";
				CLANG_ENABLE_MODULES = YES;
				CLANG_ENABLE_OBJC_ARC = YES;
				CLANG_ENABLE_OBJC_WEAK = YES;
				CLANG_WARN_BLOCK_CAPTURE_AUTORELEASING = YES;
				CLANG_WARN_BOOL_CONVERSION = YES;
				CLANG_WARN_COMMA = YES;
				CLANG_WARN_CONSTANT_CONVERSION = YES;
				CLANG_WARN_DEPRECATED_OBJC_IMPLEMENTATIONS = YES;
				CLANG_WARN_DIRECT_OBJC_ISA_USAGE = YES_ERROR;
				CLANG_WARN_DOCUMENTATION_COMMENTS = YES;
				CLANG_WARN_EMPTY_BODY = YES;
				CLANG_WARN_ENUM_CONVERSION = YES;
				CLANG_WARN_INFINITE_RECURSION = YES;
				CLANG_WARN_INT_CONVERSION = YES;
				CLANG_WARN_NON_LITERAL_NULL_CONVERSION = YES;
				CLANG_WARN_OBJC_IMPLICIT_RETAIN_SELF = YES;
				CLANG_WARN_OBJC_LITERAL_CONVERSION = YES;
				CLANG_WARN_OBJC_ROOT_CLASS = YES_ERROR;
				CLANG_WARN_QUOTED_INCLUDE_IN_FRAMEWORK_HEADER = YES;
				CLANG_WARN_RANGE_LOOP_ANALYSIS = YES;
				CLANG_WARN_STRICT_PROTOTYPES = YES;
				CLANG_WARN_SUSPICIOUS_MOVE = YES;
				CLANG_WARN_UNGUARDED_AVAILABILITY = YES_AGGRESSIVE;
				CLANG_WARN_UNREACHABLE_CODE = YES;
				CLANG_WARN__DUPLICATE_METHOD_MATCH = YES;
				COPY_PHASE_STRIP = NO;
				DEBUG_INFORMATION_FORMAT = dwarf;
				ENABLE_STRICT_OBJC_MSGSEND = YES;
				ENABLE_TESTABILITY = YES;
				GCC_C_LANGUAGE_STANDARD = gnu11;
				GCC_DYNAMIC_NO_PIC = NO;
				GCC_NO_COMMON_BLOCKS = YES;
				GCC_OPTIMIZATION_LEVEL = 0;
				GCC_PREPROCESSOR_DEFINITIONS = (
					"DEBUG=1",
					"$(inherited)",
				);
				GCC_WARN_64_TO_32_BIT_CONVERSION = YES;
				GCC_WARN_ABOUT_RETURN_TYPE = YES_ERROR;
				GCC_WARN_UNDECLARED_SELECTOR = YES;
				GCC_WARN_UNINITIALIZED_AUTOS = YES_AGGRESSIVE;
				GCC_WARN_UNUSED_FUNCTION = YES;
				GCC_WARN_UNUSED_VARIABLE = YES;
				IPHONEOS_DEPLOYMENT_TARGET = 16.4;
				MTL_ENABLE_DEBUG_INFO = INCLUDE_SOURCE;
				MTL_FAST_MATH = YES;
				ONLY_ACTIVE_ARCH = YES;
				SDKROOT = iphoneos;
				SWIFT_ACTIVE_COMPILATION_CONDITIONS = DEBUG;
				SWIFT_OPTIMIZATION_LEVEL = "-Onone";
			};
			name = Debug;
		};
		B03D8BFA2B3D9AD1003B1317 /* Release */ = {
			isa = XCBuildConfiguration;
			buildSettings = {
				ALWAYS_SEARCH_USER_PATHS = NO;
				CLANG_ANALYZER_NONNULL = YES;
				CLANG_ANALYZER_NUMBER_OBJECT_CONVERSION = YES_AGGRESSIVE;
				CLANG_CXX_LANGUAGE_STANDARD = "gnu++20";
				CLANG_ENABLE_MODULES = YES;
				CLANG_ENABLE_OBJC_ARC = YES;
				CLANG_ENABLE_OBJC_WEAK = YES;
				CLANG_WARN_BLOCK_CAPTURE_AUTORELEASING = YES;
				CLANG_WARN_BOOL_CONVERSION = YES;
				CLANG_WARN_COMMA = YES;
				CLANG_WARN_CONSTANT_CONVERSION = YES;
				CLANG_WARN_DEPRECATED_OBJC_IMPLEMENTATIONS = YES;
				CLANG_WARN_DIRECT_OBJC_ISA_USAGE = YES_ERROR;
				CLANG_WARN_DOCUMENTATION_COMMENTS = YES;
				CLANG_WARN_EMPTY_BODY = YES;
				CLANG_WARN_ENUM_CONVERSION = YES;
				CLANG_WARN_INFINITE_RECURSION = YES;
				CLANG_WARN_INT_CONVERSION = YES;
				CLANG_WARN_NON_LITERAL_NULL_CONVERSION = YES;
				CLANG_WARN_OBJC_IMPLICIT_RETAIN_SELF = YES;
				CLANG_WARN_OBJC_LITERAL_CONVERSION = YES;
				CLANG_WARN_OBJC_ROOT_CLASS = YES_ERROR;
				CLANG_WARN_QUOTED_INCLUDE_IN_FRAMEWORK_HEADER = YES;
				CLANG_WARN_RANGE_LOOP_ANALYSIS = YES;
				CLANG_WARN_STRICT_PROTOTYPES = YES;
				CLANG_WARN_SUSPICIOUS_MOVE = YES;
				CLANG_WARN_UNGUARDED_AVAILABILITY = YES_AGGRESSIVE;
				CLANG_WARN_UNREACHABLE_CODE = YES;
				CLANG_WARN__DUPLICATE_METHOD_MATCH = YES;
				COPY_PHASE_STRIP = NO;
				DEBUG_INFORMATION_FORMAT = "dwarf-with-dsym";
				ENABLE_NS_ASSERTIONS = NO;
				ENABLE_STRICT_OBJC_MSGSEND = YES;
				GCC_C_LANGUAGE_STANDARD = gnu11;
				GCC_NO_COMMON_BLOCKS = YES;
				GCC_WARN_64_TO_32_BIT_CONVERSION = YES;
				GCC_WARN_ABOUT_RETURN_TYPE = YES_ERROR;
				GCC_WARN_UNDECLARED_SELECTOR = YES;
				GCC_WARN_UNINITIALIZED_AUTOS = YES_AGGRESSIVE;
				GCC_WARN_UNUSED_FUNCTION = YES;
				GCC_WARN_UNUSED_VARIABLE = YES;
				IPHONEOS_DEPLOYMENT_TARGET = 16.4;
				MTL_ENABLE_DEBUG_INFO = NO;
				MTL_FAST_MATH = YES;
				SDKROOT = iphoneos;
				SWIFT_COMPILATION_MODE = wholemodule;
				SWIFT_OPTIMIZATION_LEVEL = "-O";
				VALIDATE_PRODUCT = YES;
			};
			name = Release;
		};
		B03D8BFC2B3D9AD1003B1317 /* Debug */ = {
			isa = XCBuildConfiguration;
			buildSettings = {
				ASSETCATALOG_COMPILER_APPICON_NAME = AppIcon;
				ASSETCATALOG_COMPILER_GLOBAL_ACCENT_COLOR_NAME = AccentColor;
				CODE_SIGN_STYLE = Automatic;
				CURRENT_PROJECT_VERSION = 1;
				DEVELOPMENT_TEAM = F25H6PU2RR;
				GENERATE_INFOPLIST_FILE = YES;
				INFOPLIST_FILE = Project1/Info.plist;
				INFOPLIST_KEY_UIApplicationSupportsIndirectInputEvents = YES;
				INFOPLIST_KEY_UILaunchStoryboardName = LaunchScreen;
				INFOPLIST_KEY_UIMainStoryboardFile = Main;
				INFOPLIST_KEY_UISupportedInterfaceOrientations_iPad = "UIInterfaceOrientationPortrait UIInterfaceOrientationPortraitUpsideDown UIInterfaceOrientationLandscapeLeft UIInterfaceOrientationLandscapeRight";
				INFOPLIST_KEY_UISupportedInterfaceOrientations_iPhone = "UIInterfaceOrientationPortrait UIInterfaceOrientationLandscapeLeft UIInterfaceOrientationLandscapeRight";
				LD_RUNPATH_SEARCH_PATHS = (
					"$(inherited)",
					"@executable_path/Frameworks",
				);
				MARKETING_VERSION = 1.0;
				PRODUCT_BUNDLE_IDENTIFIER = letdayy.Project1;
				PRODUCT_NAME = "$(TARGET_NAME)";
				SWIFT_EMIT_LOC_STRINGS = YES;
				SWIFT_VERSION = 5.0;
				TARGETED_DEVICE_FAMILY = "1,2";
			};
			name = Debug;
		};
		B03D8BFD2B3D9AD1003B1317 /* Release */ = {
			isa = XCBuildConfiguration;
			buildSettings = {
				ASSETCATALOG_COMPILER_APPICON_NAME = AppIcon;
				ASSETCATALOG_COMPILER_GLOBAL_ACCENT_COLOR_NAME = AccentColor;
				CODE_SIGN_STYLE = Automatic;
				CURRENT_PROJECT_VERSION = 1;
				DEVELOPMENT_TEAM = F25H6PU2RR;
				GENERATE_INFOPLIST_FILE = YES;
				INFOPLIST_FILE = Project1/Info.plist;
				INFOPLIST_KEY_UIApplicationSupportsIndirectInputEvents = YES;
				INFOPLIST_KEY_UILaunchStoryboardName = LaunchScreen;
				INFOPLIST_KEY_UIMainStoryboardFile = Main;
				INFOPLIST_KEY_UISupportedInterfaceOrientations_iPad = "UIInterfaceOrientationPortrait UIInterfaceOrientationPortraitUpsideDown UIInterfaceOrientationLandscapeLeft UIInterfaceOrientationLandscapeRight";
				INFOPLIST_KEY_UISupportedInterfaceOrientations_iPhone = "UIInterfaceOrientationPortrait UIInterfaceOrientationLandscapeLeft UIInterfaceOrientationLandscapeRight";
				LD_RUNPATH_SEARCH_PATHS = (
					"$(inherited)",
					"@executable_path/Frameworks",
				);
				MARKETING_VERSION = 1.0;
				PRODUCT_BUNDLE_IDENTIFIER = letdayy.Project1;
				PRODUCT_NAME = "$(TARGET_NAME)";
				SWIFT_EMIT_LOC_STRINGS = YES;
				SWIFT_VERSION = 5.0;
				TARGETED_DEVICE_FAMILY = "1,2";
			};
			name = Release;
		};
/* End XCBuildConfiguration section */

/* Begin XCConfigurationList section */
		B03D8BE22B3D9AD0003B1317 /* Build configuration list for PBXProject "Project1" */ = {
			isa = XCConfigurationList;
			buildConfigurations = (
				B03D8BF92B3D9AD1003B1317 /* Debug */,
				B03D8BFA2B3D9AD1003B1317 /* Release */,
			);
			defaultConfigurationIsVisible = 0;
			defaultConfigurationName = Release;
		};
		B03D8BFB2B3D9AD1003B1317 /* Build configuration list for PBXNativeTarget "Project1" */ = {
			isa = XCConfigurationList;
			buildConfigurations = (
				B03D8BFC2B3D9AD1003B1317 /* Debug */,
				B03D8BFD2B3D9AD1003B1317 /* Release */,
			);
			defaultConfigurationIsVisible = 0;
			defaultConfigurationName = Release;
		};
/* End XCConfigurationList section */
	};
	rootObject = B03D8BDF2B3D9AD0003B1317 /* Project object */;
}
